PODS:
  - OsTools (0.3.8)
  - UIDynamicView (0.1.7):
    - OsTools (~> 0.3.5)
    - youtube-ios-player-helper (~> 0.1.4)
  - youtube-ios-player-helper (0.1.6)

DEPENDENCIES:
  - OsTools (~> 0.3.5)
  - UIDynamicView (from `../`)
  - youtube-ios-player-helper (~> 0.1.4)

SPEC REPOS:
  trunk:
    - OsTools
    - youtube-ios-player-helper

EXTERNAL SOURCES:
  UIDynamicView:
    :path: "../"

SPEC CHECKSUMS:
  OsTools: 3d65237c0b29cc4cf5b1714adddd8f3ec188ce4b
  UIDynamicView: 6f2e0c36b4fa5a4689599478ddfec82ff887ac6e
  youtube-ios-player-helper: 21ab92db027c7ff86cb17a3843a3f6eafc8158d2

PODFILE CHECKSUM: 9cf4dc45822d537c1e624f1b7e5cabe954cb4792

COCOAPODS: 1.9.3
